
Microsoft Visual Studio Solution File, Format Version 12.00
# Visual Studio 15
VisualStudioVersion = 15.0.28010.2019
MinimumVisualStudioVersion = 10.0.40219.1
Project("{FAE04EC0-301F-11D3-BF4B-00C04F79EFBC}") = "WebApplicationJuhend4Week", "WebApplicationJuhend4Week\WebApplicationJuhend4Week.csproj", "{3AFE5B32-1850-4271-8DEC-E1CFD2C7DF11}"
EndProject
Global
	GlobalSection(SolutionConfigurationPlatforms) = preSolution
		Debug|Any CPU = Debug|Any CPU
		Release|Any CPU = Release|Any CPU
	EndGlobalSection
	GlobalSection(ProjectConfigurationPlatforms) = postSolution
		{3AFE5B32-1850-4271-8DEC-E1CFD2C7DF11}.Debug|Any CPU.ActiveCfg = Debug|Any CPU
		{3AFE5B32-1850-4271-8DEC-E1CFD2C7DF11}.Debug|Any CPU.Build.0 = Debug|Any CPU
		{3AFE5B32-1850-4271-8DEC-E1CFD2C7DF11}.Release|Any CPU.ActiveCfg = Release|Any CPU
		{3AFE5B32-1850-4271-8DEC-E1CFD2C7DF11}.Release|Any CPU.Build.0 = Release|Any CPU
	EndGlobalSection
	GlobalSection(SolutionProperties) = preSolution
		HideSolutionNode = FALSE
	EndGlobalSection
	GlobalSection(ExtensibilityGlobals) = postSolution
		SolutionGuid = {D839637E-51AB-4357-8C14-3D35B1552659}
	EndGlobalSection
EndGlobal
